
Microsoft Visual Studio Solution File, Format Version 12.00
# Visual Studio Version 17
VisualStudioVersion = 17.9.34728.123
MinimumVisualStudioVersion = 10.0.40219.1
Project("{2150E333-8FDC-42A3-9474-1A3956D46DE8}") = "Services", "Services", "{03F53E27-B4A5-4A4F-B769-F4F5CD0ADA8C}"
EndProject
Project("{2150E333-8FDC-42A3-9474-1A3956D46DE8}") = "Shared", "Shared", "{BA96D9DD-3D05-459C-8FAF-C182CA13B19D}"
EndProject
Project("{9A19103F-16F7-4668-BE54-9A1E7A4F7556}") = "Framework", "Shared\Framework\Framework.csproj", "{A78851A0-5EB8-429E-B698-9E308D32C55E}"
EndProject
Project("{9A19103F-16F7-4668-BE54-9A1E7A4F7556}") = "Tool", "Shared\Tool\Tool.csproj", "{A18F1071-2BA5-455D-88A2-46882841E9AC}"
EndProject
Project("{2150E333-8FDC-42A3-9474-1A3956D46DE8}") = "News", "News", "{7BA33353-004B-477C-924D-EB09F5CBAF37}"
EndProject
Project("{2150E333-8FDC-42A3-9474-1A3956D46DE8}") = "Keyword", "Keyword", "{F92355CE-65B5-4CC2-806D-C3BA7FB7FC69}"
EndProject
Project("{2150E333-8FDC-42A3-9474-1A3956D46DE8}") = "Client", "Client", "{94AB9560-9469-48EB-9328-CD79EF371582}"
EndProject
Project("{2150E333-8FDC-42A3-9474-1A3956D46DE8}") = "src", "src", "{08C15F02-70B2-4D85-B57D-42A2B0D57B19}"
EndProject
Project("{2150E333-8FDC-42A3-9474-1A3956D46DE8}") = "test", "test", "{7A8D8EB1-532B-43C5-A271-6FC741037530}"
EndProject
Project("{2150E333-8FDC-42A3-9474-1A3956D46DE8}") = "src", "src", "{78C13BE4-C4C8-4187-A9CE-5190DD75281A}"
EndProject
Project("{2150E333-8FDC-42A3-9474-1A3956D46DE8}") = "test", "test", "{D7B71914-940D-41A5-B8B3-B347A8B8F690}"
EndProject
Project("{2150E333-8FDC-42A3-9474-1A3956D46DE8}") = "src", "src", "{CF288833-FDDD-4235-918C-A7EB579A594F}"
EndProject
Project("{2150E333-8FDC-42A3-9474-1A3956D46DE8}") = "test", "test", "{F0329D3F-B3DC-43EF-8623-DA84978F4074}"
EndProject
Project("{2150E333-8FDC-42A3-9474-1A3956D46DE8}") = "APIGateways", "APIGateways", "{43364CE1-64BF-47F7-A2B0-0D30F3C6B5DA}"
EndProject
Project("{2150E333-8FDC-42A3-9474-1A3956D46DE8}") = "Solution Items", "Solution Items", "{A03B59B2-1881-45D0-990B-DEF5292A04AA}"
	ProjectSection(SolutionItems) = preProject
		Command.txt = Command.txt
		commit.txt = commit.txt
		Needed.txt = Needed.txt
	EndProjectSection
EndProject
Project("{2150E333-8FDC-42A3-9474-1A3956D46DE8}") = "Core", "Core", "{2B413BEA-9D1B-42B1-AC6F-B5054AE4D111}"
EndProject
Project("{2150E333-8FDC-42A3-9474-1A3956D46DE8}") = "Contract", "Contract", "{FEEE754D-83EE-4415-A83E-E9B8200C8B00}"
EndProject
Project("{2150E333-8FDC-42A3-9474-1A3956D46DE8}") = "Application", "Application", "{71AD52E7-D789-464A-BF9D-125B289DA610}"
EndProject
Project("{2150E333-8FDC-42A3-9474-1A3956D46DE8}") = "Infrastructure", "Infrastructure", "{EE162876-BB8B-4A6D-A902-E987008967BA}"
EndProject
Project("{2150E333-8FDC-42A3-9474-1A3956D46DE8}") = "Presentation", "Presentation", "{AA550011-3F52-4A20-9E3A-ABBA89648C15}"
EndProject
Project("{9A19103F-16F7-4668-BE54-9A1E7A4F7556}") = "VOI.KeywordService", "Services\Keyword\src\Presentation\VOI.KeywordService\VOI.KeywordService.csproj", "{7A2EEDC4-E4CF-46DF-B1B8-C07F3DFED3EE}"
EndProject
Project("{2150E333-8FDC-42A3-9474-1A3956D46DE8}") = "Domain", "Domain", "{5034C9B3-D76F-4DDE-9D8F-431D7588F2CF}"
EndProject
Project("{9A19103F-16F7-4668-BE54-9A1E7A4F7556}") = "VOI.Keyword.Domain", "Services\Keyword\src\Core\Domain\VOI.Keyword.Domain\VOI.Keyword.Domain.csproj", "{DEA4C93E-AF04-4037-AB07-D9D4B65E9FFB}"
EndProject
Project("{9A19103F-16F7-4668-BE54-9A1E7A4F7556}") = "VOI.Keyword.Contract", "Services\Keyword\src\Core\Contract\VOI.Keyword.Contract\VOI.Keyword.Contract.csproj", "{26A0AF49-9384-4A26-BADD-913C6DF5E6EA}"
EndProject
Project("{9A19103F-16F7-4668-BE54-9A1E7A4F7556}") = "VOI.Keyword.Application", "Services\Keyword\src\Core\Application\VOI.Keyword.Application\VOI.Keyword.Application.csproj", "{BE74249A-29F3-48DA-8E11-79013CCFF1DF}"
EndProject
Project("{2150E333-8FDC-42A3-9474-1A3956D46DE8}") = "ExternalService", "ExternalService", "{CDC08F7A-B860-4A24-9CA3-C5DE63A905FB}"
EndProject
Project("{2150E333-8FDC-42A3-9474-1A3956D46DE8}") = "Persistence", "Persistence", "{8A6E422E-1677-4B9A-83CF-C95F19EB4109}"
EndProject
Project("{9A19103F-16F7-4668-BE54-9A1E7A4F7556}") = "VOI.Keyword.Infrastructure.Persistence", "Services\Keyword\src\Infrastructure\Persistence\VOI.Keyword.Infrastructure.Persistence\VOI.Keyword.Infrastructure.Persistence.csproj", "{7A8E348E-2A00-45EC-81C8-4ABC1BA71697}"
EndProject
Project("{2150E333-8FDC-42A3-9474-1A3956D46DE8}") = "Core", "Core", "{D0B1F06D-E89D-4DF3-A337-E9D856DA703B}"
EndProject
Project("{2150E333-8FDC-42A3-9474-1A3956D46DE8}") = "Endpoint", "Endpoint", "{2D2D8C76-3399-4B8A-87FD-AEE10D7EB9C7}"
EndProject
Project("{2150E333-8FDC-42A3-9474-1A3956D46DE8}") = "Infrastructure", "Infrastructure", "{5CE1FB34-905B-4BB2-B89F-6D8AE17891A8}"
EndProject
Project("{2150E333-8FDC-42A3-9474-1A3956D46DE8}") = "Domain", "Domain", "{CC4B6196-B054-4393-9989-F7243D519896}"
EndProject
Project("{2150E333-8FDC-42A3-9474-1A3956D46DE8}") = "Contract", "Contract", "{43B1A4D5-E062-415B-8C77-0A3C9D2D38C4}"
EndProject
Project("{2150E333-8FDC-42A3-9474-1A3956D46DE8}") = "Application", "Application", "{A870A0FC-A102-474A-BB6E-6614C3E35317}"
EndProject
Project("{9A19103F-16F7-4668-BE54-9A1E7A4F7556}") = "VOI.News.Domian", "Services\News\src\Core\Domain\VOI.News.Domian\VOI.News.Domian.csproj", "{76698F2B-494F-468C-BC54-E9611A3F3B66}"
EndProject
Project("{9A19103F-16F7-4668-BE54-9A1E7A4F7556}") = "VOI.News.Contract", "Services\News\src\Core\Contract\VOI.News.Contract\VOI.News.Contract.csproj", "{712E9A81-5F75-4FB4-BFBA-42DAC9948DDB}"
EndProject
Project("{9A19103F-16F7-4668-BE54-9A1E7A4F7556}") = "VOI.News.Application", "Services\News\src\Core\Application\VOI.News.Application\VOI.News.Application.csproj", "{98234129-EE13-4167-A890-B1DB1C975CBF}"
EndProject
Project("{2150E333-8FDC-42A3-9474-1A3956D46DE8}") = "Persistence", "Persistence", "{3214D826-FC35-41D2-938C-EC6FBCEB6407}"
EndProject
Project("{2150E333-8FDC-42A3-9474-1A3956D46DE8}") = "ExternalService", "ExternalService", "{6BFCA4FD-29CA-45F0-9B8C-A1D63F37E236}"
EndProject
Project("{9A19103F-16F7-4668-BE54-9A1E7A4F7556}") = "VOI.NewsService", "Services\News\src\Endpoint\VOI.NewsService\VOI.NewsService.csproj", "{011F2236-418C-4E2C-B7FA-A8D0F27AA974}"
EndProject
Project("{9A19103F-16F7-4668-BE54-9A1E7A4F7556}") = "VOI.News.Infrastructure.Persistence", "Services\News\src\Infrastructure\Persistence\VOI.News.Infrastructure.Persistence\VOI.News.Infrastructure.Persistence.csproj", "{DEDA1458-D2A4-45B1-BF81-79EDEF33C1E9}"
EndProject
Project("{9A19103F-16F7-4668-BE54-9A1E7A4F7556}") = "BrowserGateway", "APIGateways\BrowserGateway\BrowserGateway.csproj", "{284E171E-66C7-4E95-BA81-281B309EB577}"
EndProject
Project("{2150E333-8FDC-42A3-9474-1A3956D46DE8}") = "Endpoint", "Endpoint", "{0D261D3E-494F-47B2-8910-7ECB9493BE2E}"
EndProject
Project("{9A19103F-16F7-4668-BE54-9A1E7A4F7556}") = "VOI.DescktopClient", "Services\Client\src\Endpoint\VOI.DescktopClient\VOI.DescktopClient.csproj", "{32BAE913-059D-4656-A6F9-EE943C60D8CA}"
EndProject
Project("{9A19103F-16F7-4668-BE54-9A1E7A4F7556}") = "VOI.Keyword.ExternalServices", "Services\Keyword\src\Infrastructure\ExternalService\VOI.Keyword.ExternalServices\VOI.Keyword.ExternalServices.csproj", "{1633CDDB-E086-464E-AE17-598CC28AD864}"
EndProject
Project("{9A19103F-16F7-4668-BE54-9A1E7A4F7556}") = "VOI.News.ExternalService", "Services\News\src\Infrastructure\ExternalService\VOI.News.ExternalService\VOI.News.ExternalService.csproj", "{08B82799-AEF2-4CB2-AE41-BAA6AC805846}"
EndProject
Global
	GlobalSection(SolutionConfigurationPlatforms) = preSolution
		Debug|Any CPU = Debug|Any CPU
		Release|Any CPU = Release|Any CPU
	EndGlobalSection
	GlobalSection(ProjectConfigurationPlatforms) = postSolution
		{A78851A0-5EB8-429E-B698-9E308D32C55E}.Debug|Any CPU.ActiveCfg = Debug|Any CPU
		{A78851A0-5EB8-429E-B698-9E308D32C55E}.Debug|Any CPU.Build.0 = Debug|Any CPU
		{A78851A0-5EB8-429E-B698-9E308D32C55E}.Release|Any CPU.ActiveCfg = Release|Any CPU
		{A78851A0-5EB8-429E-B698-9E308D32C55E}.Release|Any CPU.Build.0 = Release|Any CPU
		{A18F1071-2BA5-455D-88A2-46882841E9AC}.Debug|Any CPU.ActiveCfg = Debug|Any CPU
		{A18F1071-2BA5-455D-88A2-46882841E9AC}.Debug|Any CPU.Build.0 = Debug|Any CPU
		{A18F1071-2BA5-455D-88A2-46882841E9AC}.Release|Any CPU.ActiveCfg = Release|Any CPU
		{A18F1071-2BA5-455D-88A2-46882841E9AC}.Release|Any CPU.Build.0 = Release|Any CPU
		{7A2EEDC4-E4CF-46DF-B1B8-C07F3DFED3EE}.Debug|Any CPU.ActiveCfg = Debug|Any CPU
		{7A2EEDC4-E4CF-46DF-B1B8-C07F3DFED3EE}.Debug|Any CPU.Build.0 = Debug|Any CPU
		{7A2EEDC4-E4CF-46DF-B1B8-C07F3DFED3EE}.Release|Any CPU.ActiveCfg = Release|Any CPU
		{7A2EEDC4-E4CF-46DF-B1B8-C07F3DFED3EE}.Release|Any CPU.Build.0 = Release|Any CPU
		{DEA4C93E-AF04-4037-AB07-D9D4B65E9FFB}.Debug|Any CPU.ActiveCfg = Debug|Any CPU
		{DEA4C93E-AF04-4037-AB07-D9D4B65E9FFB}.Debug|Any CPU.Build.0 = Debug|Any CPU
		{DEA4C93E-AF04-4037-AB07-D9D4B65E9FFB}.Release|Any CPU.ActiveCfg = Release|Any CPU
		{DEA4C93E-AF04-4037-AB07-D9D4B65E9FFB}.Release|Any CPU.Build.0 = Release|Any CPU
		{26A0AF49-9384-4A26-BADD-913C6DF5E6EA}.Debug|Any CPU.ActiveCfg = Debug|Any CPU
		{26A0AF49-9384-4A26-BADD-913C6DF5E6EA}.Debug|Any CPU.Build.0 = Debug|Any CPU
		{26A0AF49-9384-4A26-BADD-913C6DF5E6EA}.Release|Any CPU.ActiveCfg = Release|Any CPU
		{26A0AF49-9384-4A26-BADD-913C6DF5E6EA}.Release|Any CPU.Build.0 = Release|Any CPU
		{BE74249A-29F3-48DA-8E11-79013CCFF1DF}.Debug|Any CPU.ActiveCfg = Debug|Any CPU
		{BE74249A-29F3-48DA-8E11-79013CCFF1DF}.Debug|Any CPU.Build.0 = Debug|Any CPU
		{BE74249A-29F3-48DA-8E11-79013CCFF1DF}.Release|Any CPU.ActiveCfg = Release|Any CPU
		{BE74249A-29F3-48DA-8E11-79013CCFF1DF}.Release|Any CPU.Build.0 = Release|Any CPU
		{7A8E348E-2A00-45EC-81C8-4ABC1BA71697}.Debug|Any CPU.ActiveCfg = Debug|Any CPU
		{7A8E348E-2A00-45EC-81C8-4ABC1BA71697}.Debug|Any CPU.Build.0 = Debug|Any CPU
		{7A8E348E-2A00-45EC-81C8-4ABC1BA71697}.Release|Any CPU.ActiveCfg = Release|Any CPU
		{7A8E348E-2A00-45EC-81C8-4ABC1BA71697}.Release|Any CPU.Build.0 = Release|Any CPU
		{76698F2B-494F-468C-BC54-E9611A3F3B66}.Debug|Any CPU.ActiveCfg = Debug|Any CPU
		{76698F2B-494F-468C-BC54-E9611A3F3B66}.Debug|Any CPU.Build.0 = Debug|Any CPU
		{76698F2B-494F-468C-BC54-E9611A3F3B66}.Release|Any CPU.ActiveCfg = Release|Any CPU
		{76698F2B-494F-468C-BC54-E9611A3F3B66}.Release|Any CPU.Build.0 = Release|Any CPU
		{712E9A81-5F75-4FB4-BFBA-42DAC9948DDB}.Debug|Any CPU.ActiveCfg = Debug|Any CPU
		{712E9A81-5F75-4FB4-BFBA-42DAC9948DDB}.Debug|Any CPU.Build.0 = Debug|Any CPU
		{712E9A81-5F75-4FB4-BFBA-42DAC9948DDB}.Release|Any CPU.ActiveCfg = Release|Any CPU
		{712E9A81-5F75-4FB4-BFBA-42DAC9948DDB}.Release|Any CPU.Build.0 = Release|Any CPU
		{98234129-EE13-4167-A890-B1DB1C975CBF}.Debug|Any CPU.ActiveCfg = Debug|Any CPU
		{98234129-EE13-4167-A890-B1DB1C975CBF}.Debug|Any CPU.Build.0 = Debug|Any CPU
		{98234129-EE13-4167-A890-B1DB1C975CBF}.Release|Any CPU.ActiveCfg = Release|Any CPU
		{98234129-EE13-4167-A890-B1DB1C975CBF}.Release|Any CPU.Build.0 = Release|Any CPU
		{011F2236-418C-4E2C-B7FA-A8D0F27AA974}.Debug|Any CPU.ActiveCfg = Debug|Any CPU
		{011F2236-418C-4E2C-B7FA-A8D0F27AA974}.Debug|Any CPU.Build.0 = Debug|Any CPU
		{011F2236-418C-4E2C-B7FA-A8D0F27AA974}.Release|Any CPU.ActiveCfg = Release|Any CPU
		{011F2236-418C-4E2C-B7FA-A8D0F27AA974}.Release|Any CPU.Build.0 = Release|Any CPU
		{DEDA1458-D2A4-45B1-BF81-79EDEF33C1E9}.Debug|Any CPU.ActiveCfg = Debug|Any CPU
		{DEDA1458-D2A4-45B1-BF81-79EDEF33C1E9}.Debug|Any CPU.Build.0 = Debug|Any CPU
		{DEDA1458-D2A4-45B1-BF81-79EDEF33C1E9}.Release|Any CPU.ActiveCfg = Release|Any CPU
		{DEDA1458-D2A4-45B1-BF81-79EDEF33C1E9}.Release|Any CPU.Build.0 = Release|Any CPU
		{284E171E-66C7-4E95-BA81-281B309EB577}.Debug|Any CPU.ActiveCfg = Debug|Any CPU
		{284E171E-66C7-4E95-BA81-281B309EB577}.Debug|Any CPU.Build.0 = Debug|Any CPU
		{284E171E-66C7-4E95-BA81-281B309EB577}.Release|Any CPU.ActiveCfg = Release|Any CPU
		{284E171E-66C7-4E95-BA81-281B309EB577}.Release|Any CPU.Build.0 = Release|Any CPU
		{32BAE913-059D-4656-A6F9-EE943C60D8CA}.Debug|Any CPU.ActiveCfg = Debug|Any CPU
		{32BAE913-059D-4656-A6F9-EE943C60D8CA}.Debug|Any CPU.Build.0 = Debug|Any CPU
		{32BAE913-059D-4656-A6F9-EE943C60D8CA}.Release|Any CPU.ActiveCfg = Release|Any CPU
		{32BAE913-059D-4656-A6F9-EE943C60D8CA}.Release|Any CPU.Build.0 = Release|Any CPU
		{1633CDDB-E086-464E-AE17-598CC28AD864}.Debug|Any CPU.ActiveCfg = Debug|Any CPU
		{1633CDDB-E086-464E-AE17-598CC28AD864}.Debug|Any CPU.Build.0 = Debug|Any CPU
		{1633CDDB-E086-464E-AE17-598CC28AD864}.Release|Any CPU.ActiveCfg = Release|Any CPU
		{1633CDDB-E086-464E-AE17-598CC28AD864}.Release|Any CPU.Build.0 = Release|Any CPU
		{08B82799-AEF2-4CB2-AE41-BAA6AC805846}.Debug|Any CPU.ActiveCfg = Debug|Any CPU
		{08B82799-AEF2-4CB2-AE41-BAA6AC805846}.Debug|Any CPU.Build.0 = Debug|Any CPU
		{08B82799-AEF2-4CB2-AE41-BAA6AC805846}.Release|Any CPU.ActiveCfg = Release|Any CPU
		{08B82799-AEF2-4CB2-AE41-BAA6AC805846}.Release|Any CPU.Build.0 = Release|Any CPU
	EndGlobalSection
	GlobalSection(SolutionProperties) = preSolution
		HideSolutionNode = FALSE
	EndGlobalSection
	GlobalSection(NestedProjects) = preSolution
		{A78851A0-5EB8-429E-B698-9E308D32C55E} = {BA96D9DD-3D05-459C-8FAF-C182CA13B19D}
		{A18F1071-2BA5-455D-88A2-46882841E9AC} = {BA96D9DD-3D05-459C-8FAF-C182CA13B19D}
		{7BA33353-004B-477C-924D-EB09F5CBAF37} = {03F53E27-B4A5-4A4F-B769-F4F5CD0ADA8C}
		{F92355CE-65B5-4CC2-806D-C3BA7FB7FC69} = {03F53E27-B4A5-4A4F-B769-F4F5CD0ADA8C}
		{94AB9560-9469-48EB-9328-CD79EF371582} = {03F53E27-B4A5-4A4F-B769-F4F5CD0ADA8C}
		{08C15F02-70B2-4D85-B57D-42A2B0D57B19} = {94AB9560-9469-48EB-9328-CD79EF371582}
		{7A8D8EB1-532B-43C5-A271-6FC741037530} = {94AB9560-9469-48EB-9328-CD79EF371582}
		{78C13BE4-C4C8-4187-A9CE-5190DD75281A} = {F92355CE-65B5-4CC2-806D-C3BA7FB7FC69}
		{D7B71914-940D-41A5-B8B3-B347A8B8F690} = {F92355CE-65B5-4CC2-806D-C3BA7FB7FC69}
		{CF288833-FDDD-4235-918C-A7EB579A594F} = {7BA33353-004B-477C-924D-EB09F5CBAF37}
		{F0329D3F-B3DC-43EF-8623-DA84978F4074} = {7BA33353-004B-477C-924D-EB09F5CBAF37}
		{2B413BEA-9D1B-42B1-AC6F-B5054AE4D111} = {78C13BE4-C4C8-4187-A9CE-5190DD75281A}
		{FEEE754D-83EE-4415-A83E-E9B8200C8B00} = {2B413BEA-9D1B-42B1-AC6F-B5054AE4D111}
		{71AD52E7-D789-464A-BF9D-125B289DA610} = {2B413BEA-9D1B-42B1-AC6F-B5054AE4D111}
		{EE162876-BB8B-4A6D-A902-E987008967BA} = {78C13BE4-C4C8-4187-A9CE-5190DD75281A}
		{AA550011-3F52-4A20-9E3A-ABBA89648C15} = {78C13BE4-C4C8-4187-A9CE-5190DD75281A}
		{7A2EEDC4-E4CF-46DF-B1B8-C07F3DFED3EE} = {AA550011-3F52-4A20-9E3A-ABBA89648C15}
		{5034C9B3-D76F-4DDE-9D8F-431D7588F2CF} = {2B413BEA-9D1B-42B1-AC6F-B5054AE4D111}
		{DEA4C93E-AF04-4037-AB07-D9D4B65E9FFB} = {5034C9B3-D76F-4DDE-9D8F-431D7588F2CF}
		{26A0AF49-9384-4A26-BADD-913C6DF5E6EA} = {FEEE754D-83EE-4415-A83E-E9B8200C8B00}
		{BE74249A-29F3-48DA-8E11-79013CCFF1DF} = {71AD52E7-D789-464A-BF9D-125B289DA610}
		{CDC08F7A-B860-4A24-9CA3-C5DE63A905FB} = {EE162876-BB8B-4A6D-A902-E987008967BA}
		{8A6E422E-1677-4B9A-83CF-C95F19EB4109} = {EE162876-BB8B-4A6D-A902-E987008967BA}
		{7A8E348E-2A00-45EC-81C8-4ABC1BA71697} = {8A6E422E-1677-4B9A-83CF-C95F19EB4109}
		{D0B1F06D-E89D-4DF3-A337-E9D856DA703B} = {CF288833-FDDD-4235-918C-A7EB579A594F}
		{2D2D8C76-3399-4B8A-87FD-AEE10D7EB9C7} = {CF288833-FDDD-4235-918C-A7EB579A594F}
		{5CE1FB34-905B-4BB2-B89F-6D8AE17891A8} = {CF288833-FDDD-4235-918C-A7EB579A594F}
		{CC4B6196-B054-4393-9989-F7243D519896} = {D0B1F06D-E89D-4DF3-A337-E9D856DA703B}
		{43B1A4D5-E062-415B-8C77-0A3C9D2D38C4} = {D0B1F06D-E89D-4DF3-A337-E9D856DA703B}
		{A870A0FC-A102-474A-BB6E-6614C3E35317} = {D0B1F06D-E89D-4DF3-A337-E9D856DA703B}
		{76698F2B-494F-468C-BC54-E9611A3F3B66} = {CC4B6196-B054-4393-9989-F7243D519896}
		{712E9A81-5F75-4FB4-BFBA-42DAC9948DDB} = {43B1A4D5-E062-415B-8C77-0A3C9D2D38C4}
		{98234129-EE13-4167-A890-B1DB1C975CBF} = {A870A0FC-A102-474A-BB6E-6614C3E35317}
		{3214D826-FC35-41D2-938C-EC6FBCEB6407} = {5CE1FB34-905B-4BB2-B89F-6D8AE17891A8}
		{6BFCA4FD-29CA-45F0-9B8C-A1D63F37E236} = {5CE1FB34-905B-4BB2-B89F-6D8AE17891A8}
		{011F2236-418C-4E2C-B7FA-A8D0F27AA974} = {2D2D8C76-3399-4B8A-87FD-AEE10D7EB9C7}
		{DEDA1458-D2A4-45B1-BF81-79EDEF33C1E9} = {3214D826-FC35-41D2-938C-EC6FBCEB6407}
		{284E171E-66C7-4E95-BA81-281B309EB577} = {43364CE1-64BF-47F7-A2B0-0D30F3C6B5DA}
		{0D261D3E-494F-47B2-8910-7ECB9493BE2E} = {08C15F02-70B2-4D85-B57D-42A2B0D57B19}
		{32BAE913-059D-4656-A6F9-EE943C60D8CA} = {0D261D3E-494F-47B2-8910-7ECB9493BE2E}
		{1633CDDB-E086-464E-AE17-598CC28AD864} = {CDC08F7A-B860-4A24-9CA3-C5DE63A905FB}
		{08B82799-AEF2-4CB2-AE41-BAA6AC805846} = {6BFCA4FD-29CA-45F0-9B8C-A1D63F37E236}
	EndGlobalSection
	GlobalSection(ExtensibilityGlobals) = postSolution
		SolutionGuid = {A0144213-2B22-46A7-8857-6E0C3964D2DD}
	EndGlobalSection
EndGlobal
